
Microsoft Visual Studio Solution File, Format Version 12.00
# Visual Studio 15
VisualStudioVersion = 15.0.26430.6
MinimumVisualStudioVersion = 10.0.40219.1
Project("{2150E333-8FDC-42A3-9474-1A3956D46DE8}") = "src", "src", "{2C9AE331-F607-49D1-B69A-3128BE693E61}"
EndProject
Project("{9A19103F-16F7-4668-BE54-9A1E7A4F7556}") = "WebChapter.AspNetCore.MvcDemo", "src\WebChapter.AspNetCore.MvcDemo\WebChapter.AspNetCore.MvcDemo.csproj", "{7314EDCF-B168-4C06-90F6-F7C61980CB75}"
EndProject
Global
	GlobalSection(SolutionConfigurationPlatforms) = preSolution
		Debug|Any CPU = Debug|Any CPU
		Release|Any CPU = Release|Any CPU
	EndGlobalSection
	GlobalSection(ProjectConfigurationPlatforms) = postSolution
		{7314EDCF-B168-4C06-90F6-F7C61980CB75}.Debug|Any CPU.ActiveCfg = Debug|Any CPU
		{7314EDCF-B168-4C06-90F6-F7C61980CB75}.Debug|Any CPU.Build.0 = Debug|Any CPU
		{7314EDCF-B168-4C06-90F6-F7C61980CB75}.Release|Any CPU.ActiveCfg = Release|Any CPU
		{7314EDCF-B168-4C06-90F6-F7C61980CB75}.Release|Any CPU.Build.0 = Release|Any CPU
	EndGlobalSection
	GlobalSection(SolutionProperties) = preSolution
		HideSolutionNode = FALSE
	EndGlobalSection
	GlobalSection(NestedProjects) = preSolution
		{7314EDCF-B168-4C06-90F6-F7C61980CB75} = {2C9AE331-F607-49D1-B69A-3128BE693E61}
	EndGlobalSection
EndGlobal
